
Microsoft Visual Studio Solution File, Format Version 12.00
# Visual Studio 2012
Project("{FAE04EC0-301F-11D3-BF4B-00C04F79EFBC}") = "Client", "Client\Client.csproj", "{CAAAB8BF-FF94-4BC0-83C8-EFE0DA81DDAC}"
EndProject
Project("{FAE04EC0-301F-11D3-BF4B-00C04F79EFBC}") = "Server", "Server\Server.csproj", "{CA6111F9-8606-4A91-A3FF-4F46ABCAADA0}"
EndProject
Project("{FAE04EC0-301F-11D3-BF4B-00C04F79EFBC}") = "Server.Messages", "Server.Messages\Server.Messages.csproj", "{DC2AF212-0317-4EE4-93F4-1AB0085ED1F3}"
EndProject
Global
	GlobalSection(SolutionConfigurationPlatforms) = preSolution
		Debug|Any CPU = Debug|Any CPU
		Release|Any CPU = Release|Any CPU
	EndGlobalSection
	GlobalSection(ProjectConfigurationPlatforms) = postSolution
		{CAAAB8BF-FF94-4BC0-83C8-EFE0DA81DDAC}.Debug|Any CPU.ActiveCfg = Debug|Any CPU
		{CAAAB8BF-FF94-4BC0-83C8-EFE0DA81DDAC}.Debug|Any CPU.Build.0 = Debug|Any CPU
		{CAAAB8BF-FF94-4BC0-83C8-EFE0DA81DDAC}.Release|Any CPU.ActiveCfg = Release|Any CPU
		{CAAAB8BF-FF94-4BC0-83C8-EFE0DA81DDAC}.Release|Any CPU.Build.0 = Release|Any CPU
		{CA6111F9-8606-4A91-A3FF-4F46ABCAADA0}.Debug|Any CPU.ActiveCfg = Debug|Any CPU
		{CA6111F9-8606-4A91-A3FF-4F46ABCAADA0}.Debug|Any CPU.Build.0 = Debug|Any CPU
		{CA6111F9-8606-4A91-A3FF-4F46ABCAADA0}.Release|Any CPU.ActiveCfg = Release|Any CPU
		{CA6111F9-8606-4A91-A3FF-4F46ABCAADA0}.Release|Any CPU.Build.0 = Release|Any CPU
		{DC2AF212-0317-4EE4-93F4-1AB0085ED1F3}.Debug|Any CPU.ActiveCfg = Debug|Any CPU
		{DC2AF212-0317-4EE4-93F4-1AB0085ED1F3}.Debug|Any CPU.Build.0 = Debug|Any CPU
		{DC2AF212-0317-4EE4-93F4-1AB0085ED1F3}.Release|Any CPU.ActiveCfg = Release|Any CPU
		{DC2AF212-0317-4EE4-93F4-1AB0085ED1F3}.Release|Any CPU.Build.0 = Release|Any CPU
	EndGlobalSection
	GlobalSection(SolutionProperties) = preSolution
		HideSolutionNode = FALSE
	EndGlobalSection
EndGlobal
