Microsoft Visual Studio Solution File, Format Version 12.00
# Visual Studio Version 17
VisualStudioVersion = 17.8.34322.80
MinimumVisualStudioVersion = 10.0.40219.1
Project("{9A19103F-16F7-4668-BE54-9A1E7A4F7556}") = "Trading", "Trading\Trading.csproj", "{61EC99E6-9CCD-4920-B1FE-1375C4A00CA6}"
EndProject
Project("{2150E333-8FDC-42A3-9474-1A3956D46DE8}") = "01 trading", "01 trading", "{9E6702A9-FB6F-474C-A2FA-E0F2D17AB68B}"
EndProject
Project("{9A19103F-16F7-4668-BE54-9A1E7A4F7556}") = "Trading.Messages", "Trading.Messages\Trading.Messages.csproj", "{C897175D-42E6-4AA5-B5DC-77EDBCD1B93F}"
EndProject
Project("{2150E333-8FDC-42A3-9474-1A3956D46DE8}") = "03 invoicing", "03 invoicing", "{E9BBBE78-FFBC-4EC6-825C-C10242EAFA33}"
EndProject
Project("{9A19103F-16F7-4668-BE54-9A1E7A4F7556}") = "Invoicing", "Invoicing\Invoicing.csproj", "{53D07001-D4C1-4781-825A-6C37DE80DF49}"
EndProject
Project("{2150E333-8FDC-42A3-9474-1A3956D46DE8}") = "02 confirmation", "02 confirmation", "{99FF1FAC-5AE2-4B37-827B-46726B70E20C}"
EndProject
Project("{9A19103F-16F7-4668-BE54-9A1E7A4F7556}") = "Confirmation.Messages", "Confirmation.Messages\Confirmation.Messages.csproj", "{B2855900-9463-490D-B293-EB13FD7F4BF8}"
EndProject
Project("{2150E333-8FDC-42A3-9474-1A3956D46DE8}") = "external api", "external api", "{7428D35C-2D56-4A1C-A8FD-724D6DFF8453}"
EndProject
Project("{FAE04EC0-301F-11D3-BF4B-00C04F79EFBC}") = "TradeClearanceHouseApi", "TradeClearanceHouseApi\TradeClearanceHouseApi.csproj", "{AD868C78-4503-4389-AB72-1D719457CDC0}"
EndProject
Project("{9A19103F-16F7-4668-BE54-9A1E7A4F7556}") = "Confirmation", "Confirmation\Confirmation.csproj", "{100311F5-347C-4918-9C69-EA5549215ECC}"
EndProject
Global
	GlobalSection(SolutionConfigurationPlatforms) = preSolution
		Debug|Any CPU = Debug|Any CPU
		Release|Any CPU = Release|Any CPU
	EndGlobalSection
	GlobalSection(ProjectConfigurationPlatforms) = postSolution
		{61EC99E6-9CCD-4920-B1FE-1375C4A00CA6}.Debug|Any CPU.ActiveCfg = Debug|Any CPU
		{61EC99E6-9CCD-4920-B1FE-1375C4A00CA6}.Debug|Any CPU.Build.0 = Debug|Any CPU
		{61EC99E6-9CCD-4920-B1FE-1375C4A00CA6}.Release|Any CPU.ActiveCfg = Release|Any CPU
		{61EC99E6-9CCD-4920-B1FE-1375C4A00CA6}.Release|Any CPU.Build.0 = Release|Any CPU
		{C897175D-42E6-4AA5-B5DC-77EDBCD1B93F}.Debug|Any CPU.ActiveCfg = Debug|Any CPU
		{C897175D-42E6-4AA5-B5DC-77EDBCD1B93F}.Debug|Any CPU.Build.0 = Debug|Any CPU
		{C897175D-42E6-4AA5-B5DC-77EDBCD1B93F}.Release|Any CPU.ActiveCfg = Release|Any CPU
		{C897175D-42E6-4AA5-B5DC-77EDBCD1B93F}.Release|Any CPU.Build.0 = Release|Any CPU
		{53D07001-D4C1-4781-825A-6C37DE80DF49}.Debug|Any CPU.ActiveCfg = Debug|Any CPU
		{53D07001-D4C1-4781-825A-6C37DE80DF49}.Debug|Any CPU.Build.0 = Debug|Any CPU
		{53D07001-D4C1-4781-825A-6C37DE80DF49}.Release|Any CPU.ActiveCfg = Release|Any CPU
		{53D07001-D4C1-4781-825A-6C37DE80DF49}.Release|Any CPU.Build.0 = Release|Any CPU
		{B2855900-9463-490D-B293-EB13FD7F4BF8}.Debug|Any CPU.ActiveCfg = Debug|Any CPU
		{B2855900-9463-490D-B293-EB13FD7F4BF8}.Debug|Any CPU.Build.0 = Debug|Any CPU
		{B2855900-9463-490D-B293-EB13FD7F4BF8}.Release|Any CPU.ActiveCfg = Release|Any CPU
		{B2855900-9463-490D-B293-EB13FD7F4BF8}.Release|Any CPU.Build.0 = Release|Any CPU
		{AD868C78-4503-4389-AB72-1D719457CDC0}.Debug|Any CPU.ActiveCfg = Debug|Any CPU
		{AD868C78-4503-4389-AB72-1D719457CDC0}.Debug|Any CPU.Build.0 = Debug|Any CPU
		{AD868C78-4503-4389-AB72-1D719457CDC0}.Release|Any CPU.ActiveCfg = Release|Any CPU
		{AD868C78-4503-4389-AB72-1D719457CDC0}.Release|Any CPU.Build.0 = Release|Any CPU
		{100311F5-347C-4918-9C69-EA5549215ECC}.Debug|Any CPU.ActiveCfg = Debug|Any CPU
		{100311F5-347C-4918-9C69-EA5549215ECC}.Debug|Any CPU.Build.0 = Debug|Any CPU
		{100311F5-347C-4918-9C69-EA5549215ECC}.Release|Any CPU.ActiveCfg = Release|Any CPU
		{100311F5-347C-4918-9C69-EA5549215ECC}.Release|Any CPU.Build.0 = Release|Any CPU
	EndGlobalSection
	GlobalSection(SolutionProperties) = preSolution
		HideSolutionNode = FALSE
	EndGlobalSection
	GlobalSection(NestedProjects) = preSolution
		{61EC99E6-9CCD-4920-B1FE-1375C4A00CA6} = {9E6702A9-FB6F-474C-A2FA-E0F2D17AB68B}
		{C897175D-42E6-4AA5-B5DC-77EDBCD1B93F} = {9E6702A9-FB6F-474C-A2FA-E0F2D17AB68B}
		{53D07001-D4C1-4781-825A-6C37DE80DF49} = {E9BBBE78-FFBC-4EC6-825C-C10242EAFA33}
		{B2855900-9463-490D-B293-EB13FD7F4BF8} = {99FF1FAC-5AE2-4B37-827B-46726B70E20C}
		{7428D35C-2D56-4A1C-A8FD-724D6DFF8453} = {99FF1FAC-5AE2-4B37-827B-46726B70E20C}
		{AD868C78-4503-4389-AB72-1D719457CDC0} = {7428D35C-2D56-4A1C-A8FD-724D6DFF8453}
		{100311F5-347C-4918-9C69-EA5549215ECC} = {99FF1FAC-5AE2-4B37-827B-46726B70E20C}
	EndGlobalSection
	GlobalSection(ExtensibilityGlobals) = postSolution
		SolutionGuid = {D050AED8-C7C3-40E1-94A9-11C55B0B82D8}
	EndGlobalSection
EndGlobal
